
Microsoft Visual Studio Solution File, Format Version 12.00
# Visual Studio Version 17
VisualStudioVersion = 17.10.35013.160
MinimumVisualStudioVersion = 10.0.40219.1
Project("{FAE04EC0-301F-11D3-BF4B-00C04F79EFBC}") = "RabbitMqEx1", "RabbitMqEx1\RabbitMqEx1.csproj", "{9CD11F1B-9B74-4C8A-BA0F-C58CAD01B580}"
EndProject
Global
	GlobalSection(SolutionConfigurationPlatforms) = preSolution
		Debug|Any CPU = Debug|Any CPU
		Release|Any CPU = Release|Any CPU
	EndGlobalSection
	GlobalSection(ProjectConfigurationPlatforms) = postSolution
		{9CD11F1B-9B74-4C8A-BA0F-C58CAD01B580}.Debug|Any CPU.ActiveCfg = Debug|Any CPU
		{9CD11F1B-9B74-4C8A-BA0F-C58CAD01B580}.Debug|Any CPU.Build.0 = Debug|Any CPU
		{9CD11F1B-9B74-4C8A-BA0F-C58CAD01B580}.Release|Any CPU.ActiveCfg = Release|Any CPU
		{9CD11F1B-9B74-4C8A-BA0F-C58CAD01B580}.Release|Any CPU.Build.0 = Release|Any CPU
	EndGlobalSection
	GlobalSection(SolutionProperties) = preSolution
		HideSolutionNode = FALSE
	EndGlobalSection
	GlobalSection(ExtensibilityGlobals) = postSolution
		SolutionGuid = {B71C87A7-0804-4FAA-9C03-EE98C0B7C455}
	EndGlobalSection
EndGlobal
